
Microsoft Visual Studio Solution File, Format Version 12.00
# Visual Studio Version 16
VisualStudioVersion = 16.0.30002.166
MinimumVisualStudioVersion = 10.0.40219.1
Project("{FAE04EC0-301F-11D3-BF4B-00C04F79EFBC}") = "BankingTests", "BankingTests\BankingTests.csproj", "{256F5153-AC55-4961-8462-540019F1763C}"
EndProject
Project("{FAE04EC0-301F-11D3-BF4B-00C04F79EFBC}") = "BankingDomain", "BankingDomain\BankingDomain.csproj", "{382CF4C6-4490-4170-BD25-C412DA4A162D}"
EndProject
Global
	GlobalSection(SolutionConfigurationPlatforms) = preSolution
		Debug|Any CPU = Debug|Any CPU
		Release|Any CPU = Release|Any CPU
	EndGlobalSection
	GlobalSection(ProjectConfigurationPlatforms) = postSolution
		{256F5153-AC55-4961-8462-540019F1763C}.Debug|Any CPU.ActiveCfg = Debug|Any CPU
		{256F5153-AC55-4961-8462-540019F1763C}.Debug|Any CPU.Build.0 = Debug|Any CPU
		{256F5153-AC55-4961-8462-540019F1763C}.Release|Any CPU.ActiveCfg = Release|Any CPU
		{256F5153-AC55-4961-8462-540019F1763C}.Release|Any CPU.Build.0 = Release|Any CPU
		{382CF4C6-4490-4170-BD25-C412DA4A162D}.Debug|Any CPU.ActiveCfg = Debug|Any CPU
		{382CF4C6-4490-4170-BD25-C412DA4A162D}.Debug|Any CPU.Build.0 = Debug|Any CPU
		{382CF4C6-4490-4170-BD25-C412DA4A162D}.Release|Any CPU.ActiveCfg = Release|Any CPU
		{382CF4C6-4490-4170-BD25-C412DA4A162D}.Release|Any CPU.Build.0 = Release|Any CPU
	EndGlobalSection
	GlobalSection(SolutionProperties) = preSolution
		HideSolutionNode = FALSE
	EndGlobalSection
	GlobalSection(ExtensibilityGlobals) = postSolution
		SolutionGuid = {CF3A7480-DB57-40D3-851E-D1DF7659DE72}
	EndGlobalSection
EndGlobal
